
Microsoft Visual Studio Solution File, Format Version 12.00
# Visual Studio Version 16
VisualStudioVersion = 16.0.29709.97
MinimumVisualStudioVersion = 10.0.40219.1
Project("{FAE04EC0-301F-11D3-BF4B-00C04F79EFBC}") = "VideoClub", "VideoClub\VideoClub.csproj", "{155A88F6-CAA9-4931-BEAF-21EC5A55E1C8}"
EndProject
Global
	GlobalSection(SolutionConfigurationPlatforms) = preSolution
		Debug|Any CPU = Debug|Any CPU
		Release|Any CPU = Release|Any CPU
	EndGlobalSection
	GlobalSection(ProjectConfigurationPlatforms) = postSolution
		{155A88F6-CAA9-4931-BEAF-21EC5A55E1C8}.Debug|Any CPU.ActiveCfg = Debug|Any CPU
		{155A88F6-CAA9-4931-BEAF-21EC5A55E1C8}.Debug|Any CPU.Build.0 = Debug|Any CPU
		{155A88F6-CAA9-4931-BEAF-21EC5A55E1C8}.Release|Any CPU.ActiveCfg = Release|Any CPU
		{155A88F6-CAA9-4931-BEAF-21EC5A55E1C8}.Release|Any CPU.Build.0 = Release|Any CPU
	EndGlobalSection
	GlobalSection(SolutionProperties) = preSolution
		HideSolutionNode = FALSE
	EndGlobalSection
	GlobalSection(ExtensibilityGlobals) = postSolution
		SolutionGuid = {74046198-E418-442F-949A-9DBD8960C424}
	EndGlobalSection
EndGlobal
